
Microsoft Visual Studio Solution File, Format Version 12.00
# Visual Studio 14
VisualStudioVersion = 14.0.25420.1
MinimumVisualStudioVersion = 10.0.40219.1
Project("{FAE04EC0-301F-11D3-BF4B-00C04F79EFBC}") = "ListDemo", "ListDemo\ListDemo.csproj", "{FEA966E1-A4EB-4355-9041-3FE0FE492FE8}"
EndProject
Global
	GlobalSection(SolutionConfigurationPlatforms) = preSolution
		Debug|Any CPU = Debug|Any CPU
		Release|Any CPU = Release|Any CPU
	EndGlobalSection
	GlobalSection(ProjectConfigurationPlatforms) = postSolution
		{FEA966E1-A4EB-4355-9041-3FE0FE492FE8}.Debug|Any CPU.ActiveCfg = Debug|Any CPU
		{FEA966E1-A4EB-4355-9041-3FE0FE492FE8}.Debug|Any CPU.Build.0 = Debug|Any CPU
		{FEA966E1-A4EB-4355-9041-3FE0FE492FE8}.Release|Any CPU.ActiveCfg = Release|Any CPU
		{FEA966E1-A4EB-4355-9041-3FE0FE492FE8}.Release|Any CPU.Build.0 = Release|Any CPU
	EndGlobalSection
	GlobalSection(SolutionProperties) = preSolution
		HideSolutionNode = FALSE
	EndGlobalSection
EndGlobal
