
Microsoft Visual Studio Solution File, Format Version 12.00
# Visual Studio 14
VisualStudioVersion = 14.0.25420.1
MinimumVisualStudioVersion = 10.0.40219.1
Project("{2150E333-8FDC-42A3-9474-1A3956D46DE8}") = "src", "src", "{EF5F630D-FB1E-4C0C-8CF3-62DCED19968D}"
EndProject
Project("{2150E333-8FDC-42A3-9474-1A3956D46DE8}") = "Solution Items", "Solution Items", "{90101AE1-1573-4458-B974-8227391FCA83}"
	ProjectSection(SolutionItems) = preProject
		global.json = global.json
	EndProjectSection
EndProject
Project("{8BB2217D-0F2D-49D1-97BC-3654ED321F3B}") = "WebApiTutorial", "src\WebApiTutorial\WebApiTutorial.xproj", "{3613670C-38EE-4901-8615-628D05A8A4F9}"
EndProject
Global
	GlobalSection(SolutionConfigurationPlatforms) = preSolution
		Debug|Any CPU = Debug|Any CPU
		Release|Any CPU = Release|Any CPU
	EndGlobalSection
	GlobalSection(ProjectConfigurationPlatforms) = postSolution
		{3613670C-38EE-4901-8615-628D05A8A4F9}.Debug|Any CPU.ActiveCfg = Debug|Any CPU
		{3613670C-38EE-4901-8615-628D05A8A4F9}.Debug|Any CPU.Build.0 = Debug|Any CPU
		{3613670C-38EE-4901-8615-628D05A8A4F9}.Release|Any CPU.ActiveCfg = Release|Any CPU
		{3613670C-38EE-4901-8615-628D05A8A4F9}.Release|Any CPU.Build.0 = Release|Any CPU
	EndGlobalSection
	GlobalSection(SolutionProperties) = preSolution
		HideSolutionNode = FALSE
	EndGlobalSection
	GlobalSection(NestedProjects) = preSolution
		{3613670C-38EE-4901-8615-628D05A8A4F9} = {EF5F630D-FB1E-4C0C-8CF3-62DCED19968D}
	EndGlobalSection
EndGlobal
